
Microsoft Visual Studio Solution File, Format Version 12.00
# Visual Studio Version 17
VisualStudioVersion = 17.8.34408.163
MinimumVisualStudioVersion = 10.0.40219.1
Project("{FAE04EC0-301F-11D3-BF4B-00C04F79EFBC}") = "Labsheet3que1", "Labsheet3\Labsheet3que1.csproj", "{3EAB8766-17F2-4895-9C72-31B309C70490}"
EndProject
Project("{FAE04EC0-301F-11D3-BF4B-00C04F79EFBC}") = "Labsheet3que2", "Labsheet3que2\Labsheet3que2.csproj", "{AA76E9FB-BE3D-4C12-9C65-471EFE228624}"
EndProject
Project("{FAE04EC0-301F-11D3-BF4B-00C04F79EFBC}") = "Labsheet3que3", "Labsheet3que3\Labsheet3que3.csproj", "{921AE038-DA75-4A5B-AC1B-8493FA490EC0}"
EndProject
Global
	GlobalSection(SolutionConfigurationPlatforms) = preSolution
		Debug|Any CPU = Debug|Any CPU
		Release|Any CPU = Release|Any CPU
	EndGlobalSection
	GlobalSection(ProjectConfigurationPlatforms) = postSolution
		{3EAB8766-17F2-4895-9C72-31B309C70490}.Debug|Any CPU.ActiveCfg = Debug|Any CPU
		{3EAB8766-17F2-4895-9C72-31B309C70490}.Debug|Any CPU.Build.0 = Debug|Any CPU
		{3EAB8766-17F2-4895-9C72-31B309C70490}.Release|Any CPU.ActiveCfg = Release|Any CPU
		{3EAB8766-17F2-4895-9C72-31B309C70490}.Release|Any CPU.Build.0 = Release|Any CPU
		{AA76E9FB-BE3D-4C12-9C65-471EFE228624}.Debug|Any CPU.ActiveCfg = Debug|Any CPU
		{AA76E9FB-BE3D-4C12-9C65-471EFE228624}.Debug|Any CPU.Build.0 = Debug|Any CPU
		{AA76E9FB-BE3D-4C12-9C65-471EFE228624}.Release|Any CPU.ActiveCfg = Release|Any CPU
		{AA76E9FB-BE3D-4C12-9C65-471EFE228624}.Release|Any CPU.Build.0 = Release|Any CPU
		{921AE038-DA75-4A5B-AC1B-8493FA490EC0}.Debug|Any CPU.ActiveCfg = Debug|Any CPU
		{921AE038-DA75-4A5B-AC1B-8493FA490EC0}.Debug|Any CPU.Build.0 = Debug|Any CPU
		{921AE038-DA75-4A5B-AC1B-8493FA490EC0}.Release|Any CPU.ActiveCfg = Release|Any CPU
		{921AE038-DA75-4A5B-AC1B-8493FA490EC0}.Release|Any CPU.Build.0 = Release|Any CPU
	EndGlobalSection
	GlobalSection(SolutionProperties) = preSolution
		HideSolutionNode = FALSE
	EndGlobalSection
	GlobalSection(ExtensibilityGlobals) = postSolution
		SolutionGuid = {FAAC698C-3C50-474F-AEF8-586871082FEA}
	EndGlobalSection
EndGlobal
